
Microsoft Visual Studio Solution File, Format Version 12.00
# Visual Studio 14
VisualStudioVersion = 14.0.25420.1
MinimumVisualStudioVersion = 10.0.40219.1
Project("{FAE04EC0-301F-11D3-BF4B-00C04F79EFBC}") = "MAP200", "MAP200\MAP200.csproj", "{5D5449B7-231B-4EA0-ADED-111F174618FE}"
EndProject
Project("{FAE04EC0-301F-11D3-BF4B-00C04F79EFBC}") = "TestSetLib", "TestSet.Common\TestSetLib.csproj", "{82274FF2-B279-4229-B8D5-F2E1F371C3A5}"
EndProject
Project("{2150E333-8FDC-42A3-9474-1A3956D46DE8}") = "Tests", "Tests", "{3434030B-C0A2-4AD3-87EF-D39650E18506}"
EndProject
Project("{FAE04EC0-301F-11D3-BF4B-00C04F79EFBC}") = "MAP200Tests", "MAP200Tests\MAP200Tests.csproj", "{655629CA-92AD-44BC-BD37-BC9578E33227}"
EndProject
Global
	GlobalSection(SolutionConfigurationPlatforms) = preSolution
		Debug|Any CPU = Debug|Any CPU
		Release|Any CPU = Release|Any CPU
	EndGlobalSection
	GlobalSection(ProjectConfigurationPlatforms) = postSolution
		{5D5449B7-231B-4EA0-ADED-111F174618FE}.Debug|Any CPU.ActiveCfg = Debug|Any CPU
		{5D5449B7-231B-4EA0-ADED-111F174618FE}.Debug|Any CPU.Build.0 = Debug|Any CPU
		{5D5449B7-231B-4EA0-ADED-111F174618FE}.Release|Any CPU.ActiveCfg = Release|Any CPU
		{5D5449B7-231B-4EA0-ADED-111F174618FE}.Release|Any CPU.Build.0 = Release|Any CPU
		{82274FF2-B279-4229-B8D5-F2E1F371C3A5}.Debug|Any CPU.ActiveCfg = Debug|Any CPU
		{82274FF2-B279-4229-B8D5-F2E1F371C3A5}.Debug|Any CPU.Build.0 = Debug|Any CPU
		{82274FF2-B279-4229-B8D5-F2E1F371C3A5}.Release|Any CPU.ActiveCfg = Release|Any CPU
		{82274FF2-B279-4229-B8D5-F2E1F371C3A5}.Release|Any CPU.Build.0 = Release|Any CPU
		{655629CA-92AD-44BC-BD37-BC9578E33227}.Debug|Any CPU.ActiveCfg = Debug|Any CPU
		{655629CA-92AD-44BC-BD37-BC9578E33227}.Debug|Any CPU.Build.0 = Debug|Any CPU
		{655629CA-92AD-44BC-BD37-BC9578E33227}.Release|Any CPU.ActiveCfg = Release|Any CPU
		{655629CA-92AD-44BC-BD37-BC9578E33227}.Release|Any CPU.Build.0 = Release|Any CPU
	EndGlobalSection
	GlobalSection(SolutionProperties) = preSolution
		HideSolutionNode = FALSE
	EndGlobalSection
	GlobalSection(NestedProjects) = preSolution
		{655629CA-92AD-44BC-BD37-BC9578E33227} = {3434030B-C0A2-4AD3-87EF-D39650E18506}
	EndGlobalSection
EndGlobal
